
Microsoft Visual Studio Solution File, Format Version 12.00
# Visual Studio Version 16
VisualStudioVersion = 16.0.31911.196
MinimumVisualStudioVersion = 10.0.40219.1
Project("{FAE04EC0-301F-11D3-BF4B-00C04F79EFBC}") = "firstTask", "firstTask\firstTask.csproj", "{5694F93E-4BAF-412B-A46F-FCB955DF8932}"
EndProject
Project("{FAE04EC0-301F-11D3-BF4B-00C04F79EFBC}") = "secondTask", "secondTask\secondTask.csproj", "{4BEC68E6-F475-42E1-AD02-0F1A7500E3EF}"
EndProject
Project("{FAE04EC0-301F-11D3-BF4B-00C04F79EFBC}") = "thirdTask", "thirdTask\thirdTask.csproj", "{DF018E04-19B3-46B8-B3ED-C44AA8CCAC05}"
EndProject
Global
	GlobalSection(SolutionConfigurationPlatforms) = preSolution
		Debug|Any CPU = Debug|Any CPU
		Release|Any CPU = Release|Any CPU
	EndGlobalSection
	GlobalSection(ProjectConfigurationPlatforms) = postSolution
		{5694F93E-4BAF-412B-A46F-FCB955DF8932}.Debug|Any CPU.ActiveCfg = Debug|Any CPU
		{5694F93E-4BAF-412B-A46F-FCB955DF8932}.Debug|Any CPU.Build.0 = Debug|Any CPU
		{5694F93E-4BAF-412B-A46F-FCB955DF8932}.Release|Any CPU.ActiveCfg = Release|Any CPU
		{5694F93E-4BAF-412B-A46F-FCB955DF8932}.Release|Any CPU.Build.0 = Release|Any CPU
		{4BEC68E6-F475-42E1-AD02-0F1A7500E3EF}.Debug|Any CPU.ActiveCfg = Debug|Any CPU
		{4BEC68E6-F475-42E1-AD02-0F1A7500E3EF}.Debug|Any CPU.Build.0 = Debug|Any CPU
		{4BEC68E6-F475-42E1-AD02-0F1A7500E3EF}.Release|Any CPU.ActiveCfg = Release|Any CPU
		{4BEC68E6-F475-42E1-AD02-0F1A7500E3EF}.Release|Any CPU.Build.0 = Release|Any CPU
		{DF018E04-19B3-46B8-B3ED-C44AA8CCAC05}.Debug|Any CPU.ActiveCfg = Debug|Any CPU
		{DF018E04-19B3-46B8-B3ED-C44AA8CCAC05}.Debug|Any CPU.Build.0 = Debug|Any CPU
		{DF018E04-19B3-46B8-B3ED-C44AA8CCAC05}.Release|Any CPU.ActiveCfg = Release|Any CPU
		{DF018E04-19B3-46B8-B3ED-C44AA8CCAC05}.Release|Any CPU.Build.0 = Release|Any CPU
	EndGlobalSection
	GlobalSection(SolutionProperties) = preSolution
		HideSolutionNode = FALSE
	EndGlobalSection
	GlobalSection(ExtensibilityGlobals) = postSolution
		SolutionGuid = {0BC28A33-E6D0-4453-95C3-AF49E856CA9A}
	EndGlobalSection
EndGlobal
